version: 6
environments:
  default:
    channels:
    - url: https://conda.anaconda.org/conda-forge/
    packages:
      linux-64:
      - conda: https://conda.anaconda.org/conda-forge/linux-64/_libgcc_mutex-0.1-conda_forge.tar.bz2
      - conda: https://conda.anaconda.org/conda-forge/linux-64/_openmp_mutex-4.5-2_gnu.tar.bz2
      - conda: https://conda.anaconda.org/conda-forge/noarch/_r-mutex-1.0.1-anacondar_1.tar.bz2
      - conda: https://conda.anaconda.org/conda-forge/linux-64/binutils_impl_linux-64-2.43-h4bf12b8_2.conda
      - conda: https://conda.anaconda.org/conda-forge/linux-64/bwidget-1.10.1-ha770c72_0.conda
      - conda: https://conda.anaconda.org/conda-forge/linux-64/bzip2-1.0.8-h4bc722e_7.conda
      - conda: https://conda.anaconda.org/conda-forge/linux-64/c-ares-1.34.3-hb9d3cd8_1.conda
      - conda: https://conda.anaconda.org/conda-forge/linux-64/ca-certificates-2024.8.30-hbcca054_0.conda
      - conda: https://conda.anaconda.org/conda-forge/linux-64/cairo-1.18.2-h3394656_1.conda
      - conda: https://conda.anaconda.org/conda-forge/linux-64/curl-8.10.1-hbbe4b11_0.conda
      - conda: https://conda.anaconda.org/conda-forge/noarch/font-ttf-dejavu-sans-mono-2.37-hab24e00_0.tar.bz2
      - conda: https://conda.anaconda.org/conda-forge/noarch/font-ttf-inconsolata-3.000-h77eed37_0.tar.bz2
      - conda: https://conda.anaconda.org/conda-forge/noarch/font-ttf-source-code-pro-2.038-h77eed37_0.tar.bz2
      - conda: https://conda.anaconda.org/conda-forge/noarch/font-ttf-ubuntu-0.83-h77eed37_3.conda
      - conda: https://conda.anaconda.org/conda-forge/linux-64/fontconfig-2.15.0-h7e30c49_1.conda
      - conda: https://conda.anaconda.org/conda-forge/noarch/fonts-conda-ecosystem-1-0.tar.bz2
      - conda: https://conda.anaconda.org/conda-forge/noarch/fonts-conda-forge-1-0.tar.bz2
      - conda: https://conda.anaconda.org/conda-forge/linux-64/freetype-2.12.1-h267a509_2.conda
      - conda: https://conda.anaconda.org/conda-forge/linux-64/fribidi-1.0.10-h36c2ea0_0.tar.bz2
      - conda: https://conda.anaconda.org/conda-forge/linux-64/gcc_impl_linux-64-14.2.0-h6b349bd_1.conda
      - conda: https://conda.anaconda.org/conda-forge/linux-64/gfortran_impl_linux-64-14.2.0-hc73f493_1.conda
      - conda: https://conda.anaconda.org/conda-forge/linux-64/graphite2-1.3.13-h59595ed_1003.conda
      - conda: https://conda.anaconda.org/conda-forge/linux-64/gsl-2.7-he838d99_0.tar.bz2
      - conda: https://conda.anaconda.org/conda-forge/linux-64/gxx_impl_linux-64-14.2.0-h2c03514_1.conda
      - conda: https://conda.anaconda.org/conda-forge/linux-64/harfbuzz-9.0.0-hda332d3_1.conda
      - conda: https://conda.anaconda.org/conda-forge/linux-64/icu-75.1-he02047a_0.conda
      - conda: https://conda.anaconda.org/conda-forge/noarch/kernel-headers_linux-64-3.10.0-he073ed8_18.conda
      - conda: https://conda.anaconda.org/conda-forge/linux-64/keyutils-1.6.1-h166bdaf_0.tar.bz2
      - conda: https://conda.anaconda.org/conda-forge/linux-64/krb5-1.21.3-h659f571_0.conda
      - conda: https://conda.anaconda.org/conda-forge/linux-64/ld_impl_linux-64-2.43-h712a8e2_2.conda
      - conda: https://conda.anaconda.org/conda-forge/linux-64/lerc-4.0.0-h27087fc_0.tar.bz2
      - conda: https://conda.anaconda.org/conda-forge/linux-64/libblas-3.9.0-25_linux64_openblas.conda
      - conda: https://conda.anaconda.org/conda-forge/linux-64/libcblas-3.9.0-25_linux64_openblas.conda
      - conda: https://conda.anaconda.org/conda-forge/linux-64/libcurl-8.10.1-hbbe4b11_0.conda
      - conda: https://conda.anaconda.org/conda-forge/linux-64/libdeflate-1.22-hb9d3cd8_0.conda
      - conda: https://conda.anaconda.org/conda-forge/linux-64/libedit-3.1.20191231-he28a2e2_2.tar.bz2
      - conda: https://conda.anaconda.org/conda-forge/linux-64/libev-4.33-hd590300_2.conda
      - conda: https://conda.anaconda.org/conda-forge/linux-64/libexpat-2.6.4-h5888daf_0.conda
      - conda: https://conda.anaconda.org/conda-forge/linux-64/libffi-3.4.2-h7f98852_5.tar.bz2
      - conda: https://conda.anaconda.org/conda-forge/linux-64/libgcc-14.2.0-h77fa898_1.conda
      - conda: https://conda.anaconda.org/conda-forge/noarch/libgcc-devel_linux-64-14.2.0-h41c2201_101.conda
      - conda: https://conda.anaconda.org/conda-forge/linux-64/libgcc-ng-14.2.0-h69a702a_1.conda
      - conda: https://conda.anaconda.org/conda-forge/linux-64/libgfortran-14.2.0-h69a702a_1.conda
      - conda: https://conda.anaconda.org/conda-forge/linux-64/libgfortran-ng-14.2.0-h69a702a_1.conda
      - conda: https://conda.anaconda.org/conda-forge/linux-64/libgfortran5-14.2.0-hd5240d6_1.conda
      - conda: https://conda.anaconda.org/conda-forge/linux-64/libglib-2.82.2-h2ff4ddf_0.conda
      - conda: https://conda.anaconda.org/conda-forge/linux-64/libgomp-14.2.0-h77fa898_1.conda
      - conda: https://conda.anaconda.org/conda-forge/linux-64/libiconv-1.17-hd590300_2.conda
      - conda: https://conda.anaconda.org/conda-forge/linux-64/libjpeg-turbo-3.0.0-hd590300_1.conda
      - conda: https://conda.anaconda.org/conda-forge/linux-64/liblapack-3.9.0-25_linux64_openblas.conda
      - conda: https://conda.anaconda.org/conda-forge/linux-64/liblzma-5.6.3-hb9d3cd8_1.conda
      - conda: https://conda.anaconda.org/conda-forge/linux-64/liblzma-devel-5.6.3-hb9d3cd8_1.conda
      - conda: https://conda.anaconda.org/conda-forge/linux-64/libnghttp2-1.64.0-h161d5f1_0.conda
      - conda: https://conda.anaconda.org/conda-forge/linux-64/libopenblas-0.3.28-pthreads_h94d23a6_1.conda
      - conda: https://conda.anaconda.org/conda-forge/linux-64/libpng-1.6.44-hadc24fc_0.conda
      - conda: https://conda.anaconda.org/conda-forge/linux-64/libsanitizer-14.2.0-h2a3dede_1.conda
      - conda: https://conda.anaconda.org/conda-forge/linux-64/libssh2-1.11.1-hf672d98_0.conda
      - conda: https://conda.anaconda.org/conda-forge/linux-64/libstdcxx-14.2.0-hc0a3c3a_1.conda
      - conda: https://conda.anaconda.org/conda-forge/noarch/libstdcxx-devel_linux-64-14.2.0-h41c2201_101.conda
      - conda: https://conda.anaconda.org/conda-forge/linux-64/libstdcxx-ng-14.2.0-h4852527_1.conda
      - conda: https://conda.anaconda.org/conda-forge/linux-64/libtiff-4.7.0-hc4654cb_2.conda
      - conda: https://conda.anaconda.org/conda-forge/linux-64/libuuid-2.38.1-h0b41bf4_0.conda
      - conda: https://conda.anaconda.org/conda-forge/linux-64/libwebp-base-1.4.0-hd590300_0.conda
      - conda: https://conda.anaconda.org/conda-forge/linux-64/libxcb-1.17.0-h8a09558_0.conda
      - conda: https://conda.anaconda.org/conda-forge/linux-64/libzlib-1.3.1-hb9d3cd8_2.conda
      - conda: https://conda.anaconda.org/conda-forge/linux-64/make-4.4.1-hb9d3cd8_2.conda
      - conda: https://conda.anaconda.org/conda-forge/linux-64/ncurses-6.5-he02047a_1.conda
      - conda: https://conda.anaconda.org/conda-forge/linux-64/openssl-3.4.0-hb9d3cd8_0.conda
      - conda: https://conda.anaconda.org/conda-forge/linux-64/pango-1.54.0-h3a902e7_3.conda
      - conda: https://conda.anaconda.org/conda-forge/linux-64/pcre2-10.44-hba22ea6_2.conda
      - conda: https://conda.anaconda.org/conda-forge/linux-64/pixman-0.44.2-h29eaf8c_0.conda
      - conda: https://conda.anaconda.org/conda-forge/linux-64/pthread-stubs-0.4-hb9d3cd8_1002.conda
      - conda: https://conda.anaconda.org/conda-forge/linux-64/r-base-4.4.2-h64c9cd0_0.conda
      - conda: https://conda.anaconda.org/conda-forge/linux-64/readline-8.2-h8228510_1.conda
      - conda: https://conda.anaconda.org/conda-forge/linux-64/sed-4.8-he412f7d_0.tar.bz2
      - conda: https://conda.anaconda.org/conda-forge/noarch/sysroot_linux-64-2.17-h4a8ded7_18.conda
      - conda: https://conda.anaconda.org/conda-forge/linux-64/tk-8.6.13-noxft_h4845f30_101.conda
      - conda: https://conda.anaconda.org/conda-forge/linux-64/tktable-2.10-h8bc8fbc_6.conda
      - conda: https://conda.anaconda.org/conda-forge/noarch/tzdata-2024b-hc8b5060_0.conda
      - conda: https://conda.anaconda.org/conda-forge/linux-64/xorg-libice-1.1.1-hb9d3cd8_1.conda
      - conda: https://conda.anaconda.org/conda-forge/linux-64/xorg-libsm-1.2.4-he73a12e_1.conda
      - conda: https://conda.anaconda.org/conda-forge/linux-64/xorg-libx11-1.8.10-h4f16b4b_1.conda
      - conda: https://conda.anaconda.org/conda-forge/linux-64/xorg-libxau-1.0.11-hb9d3cd8_1.conda
      - conda: https://conda.anaconda.org/conda-forge/linux-64/xorg-libxdmcp-1.1.5-hb9d3cd8_0.conda
      - conda: https://conda.anaconda.org/conda-forge/linux-64/xorg-libxext-1.3.6-hb9d3cd8_0.conda
      - conda: https://conda.anaconda.org/conda-forge/linux-64/xorg-libxrender-0.9.11-hb9d3cd8_2.conda
      - conda: https://conda.anaconda.org/conda-forge/linux-64/xorg-libxt-1.3.1-hb9d3cd8_0.conda
      - conda: https://conda.anaconda.org/conda-forge/linux-64/xz-5.6.3-hbcc6ac9_1.conda
      - conda: https://conda.anaconda.org/conda-forge/linux-64/xz-gpl-tools-5.6.3-hbcc6ac9_1.conda
      - conda: https://conda.anaconda.org/conda-forge/linux-64/xz-tools-5.6.3-hb9d3cd8_1.conda
      - conda: https://conda.anaconda.org/conda-forge/linux-64/zstd-1.5.6-ha6fb4c9_0.conda
packages:
- conda: https://conda.anaconda.org/conda-forge/linux-64/_libgcc_mutex-0.1-conda_forge.tar.bz2
  sha256: fe51de6107f9edc7aa4f786a70f4a883943bc9d39b3bb7307c04c41410990726
  md5: d7c89558ba9fa0495403155b64376d81
  arch: x86_64
  platform: linux
  license: None
  size: 2562
  timestamp: 1578324546067
- conda: https://conda.anaconda.org/conda-forge/linux-64/_openmp_mutex-4.5-2_gnu.tar.bz2
  build_number: 16
  sha256: fbe2c5e56a653bebb982eda4876a9178aedfc2b545f25d0ce9c4c0b508253d22
  md5: 73aaf86a425cc6e73fcf236a5a46396d
  depends:
  - _libgcc_mutex 0.1 conda_forge
  - libgomp >=7.5.0
  constrains:
  - openmp_impl 9999
  arch: x86_64
  platform: linux
  license: BSD-3-Clause
  license_family: BSD
  size: 23621
  timestamp: 1650670423406
- conda: https://conda.anaconda.org/conda-forge/noarch/_r-mutex-1.0.1-anacondar_1.tar.bz2
  sha256: e58f9eeb416b92b550e824bcb1b9fb1958dee69abfe3089dfd1a9173e3a0528a
  md5: 19f9db5f4f1b7f5ef5f6d67207f25f38
  license: BSD
  size: 3566
  timestamp: 1562343890778
- conda: https://conda.anaconda.org/conda-forge/linux-64/binutils_impl_linux-64-2.43-h4bf12b8_2.conda
  sha256: 267e78990247369b13234bda270f31beb56a600b4851a8244e31dd9ad85b3b17
  md5: cf0c5521ac2a20dfa6c662a4009eeef6
  depends:
  - ld_impl_linux-64 2.43 h712a8e2_2
  - sysroot_linux-64
  arch: x86_64
  platform: linux
  license: GPL-3.0-only
  license_family: GPL
  size: 5682777
  timestamp: 1729655371045
- conda: https://conda.anaconda.org/conda-forge/linux-64/bwidget-1.10.1-ha770c72_0.conda
  sha256: de65eb9e04212c0ff044b511a20a4ee520844b4144dccc094d3314109f544a2c
  md5: bfe52ddc809cff2e046781928d195400
  depends:
  - tk
  arch: x86_64
  platform: linux
  license: TCL
  size: 128999
  timestamp: 1733809692184
- conda: https://conda.anaconda.org/conda-forge/linux-64/bzip2-1.0.8-h4bc722e_7.conda
  sha256: 5ced96500d945fb286c9c838e54fa759aa04a7129c59800f0846b4335cee770d
  md5: 62ee74e96c5ebb0af99386de58cf9553
  depends:
  - __glibc >=2.17,<3.0.a0
  - libgcc-ng >=12
  arch: x86_64
  platform: linux
  license: bzip2-1.0.6
  license_family: BSD
  size: 252783
  timestamp: 1720974456583
- conda: https://conda.anaconda.org/conda-forge/linux-64/c-ares-1.34.3-hb9d3cd8_1.conda
  sha256: 732571ba6286dbccbf4c6450078a581b7a5620204faf876ff0ef282d77a6bfa8
  md5: ee228789a85f961d14567252a03e725f
  depends:
  - __glibc >=2.17,<3.0.a0
  - libgcc >=13
  arch: x86_64
  platform: linux
  license: MIT
  license_family: MIT
  size: 204857
  timestamp: 1732447031823
- conda: https://conda.anaconda.org/conda-forge/linux-64/ca-certificates-2024.8.30-hbcca054_0.conda
  sha256: afee721baa6d988e27fef1832f68d6f32ac8cc99cdf6015732224c2841a09cea
  md5: c27d1c142233b5bc9ca570c6e2e0c244
  arch: x86_64
  platform: linux
  license: ISC
  size: 159003
  timestamp: 1725018903918
- conda: https://conda.anaconda.org/conda-forge/linux-64/cairo-1.18.2-h3394656_1.conda
  sha256: de7d0d094e53decc005cb13e527be2635b8f604978da497d4c0d282c7dc08385
  md5: b34c2833a1f56db610aeb27f206d800d
  depends:
  - __glibc >=2.17,<3.0.a0
  - fontconfig >=2.15.0,<3.0a0
  - fonts-conda-ecosystem
  - freetype >=2.12.1,<3.0a0
  - icu >=75.1,<76.0a0
  - libexpat >=2.6.4,<3.0a0
  - libgcc >=13
  - libglib >=2.82.2,<3.0a0
  - libpng >=1.6.44,<1.7.0a0
  - libstdcxx >=13
  - libxcb >=1.17.0,<2.0a0
  - libzlib >=1.3.1,<2.0a0
  - pixman >=0.44.2,<1.0a0
  - xorg-libice >=1.1.1,<2.0a0
  - xorg-libsm >=1.2.4,<2.0a0
  - xorg-libx11 >=1.8.10,<2.0a0
  - xorg-libxext >=1.3.6,<2.0a0
  - xorg-libxrender >=0.9.11,<0.10.0a0
  arch: x86_64
  platform: linux
  license: LGPL-2.1-only or MPL-1.1
  size: 978868
  timestamp: 1733790976384
- conda: https://conda.anaconda.org/conda-forge/linux-64/curl-8.10.1-hbbe4b11_0.conda
  sha256: f2c6de198ae7505ab33ce7e86b7767f6492489cfb5635cad164822a9d73f3a5e
  md5: 73c561c6b84bda71776c9fa21517e7eb
  depends:
  - __glibc >=2.17,<3.0.a0
  - krb5 >=1.21.3,<1.22.0a0
  - libcurl 8.10.1 hbbe4b11_0
  - libgcc >=13
  - libssh2 >=1.11.0,<2.0a0
  - libzlib >=1.3.1,<2.0a0
  - openssl >=3.3.2,<4.0a0
  - zstd >=1.5.6,<1.6.0a0
  arch: x86_64
  platform: linux
  license: curl
  license_family: MIT
  size: 173268
  timestamp: 1726659802291
- conda: https://conda.anaconda.org/conda-forge/noarch/font-ttf-dejavu-sans-mono-2.37-hab24e00_0.tar.bz2
  sha256: 58d7f40d2940dd0a8aa28651239adbf5613254df0f75789919c4e6762054403b
  md5: 0c96522c6bdaed4b1566d11387caaf45
  license: BSD-3-Clause
  license_family: BSD
  size: 397370
  timestamp: 1566932522327
- conda: https://conda.anaconda.org/conda-forge/noarch/font-ttf-inconsolata-3.000-h77eed37_0.tar.bz2
  sha256: c52a29fdac682c20d252facc50f01e7c2e7ceac52aa9817aaf0bb83f7559ec5c
  md5: 34893075a5c9e55cdafac56607368fc6
  license: OFL-1.1
  license_family: Other
  size: 96530
  timestamp: 1620479909603
- conda: https://conda.anaconda.org/conda-forge/noarch/font-ttf-source-code-pro-2.038-h77eed37_0.tar.bz2
  sha256: 00925c8c055a2275614b4d983e1df637245e19058d79fc7dd1a93b8d9fb4b139
  md5: 4d59c254e01d9cde7957100457e2d5fb
  license: OFL-1.1
  license_family: Other
  size: 700814
  timestamp: 1620479612257
- conda: https://conda.anaconda.org/conda-forge/noarch/font-ttf-ubuntu-0.83-h77eed37_3.conda
  sha256: 2821ec1dc454bd8b9a31d0ed22a7ce22422c0aef163c59f49dfdf915d0f0ca14
  md5: 49023d73832ef61042f6a237cb2687e7
  license: LicenseRef-Ubuntu-Font-Licence-Version-1.0
  license_family: Other
  size: 1620504
  timestamp: 1727511233259
- conda: https://conda.anaconda.org/conda-forge/linux-64/fontconfig-2.15.0-h7e30c49_1.conda
  sha256: 7093aa19d6df5ccb6ca50329ef8510c6acb6b0d8001191909397368b65b02113
  md5: 8f5b0b297b59e1ac160ad4beec99dbee
  depends:
  - __glibc >=2.17,<3.0.a0
  - freetype >=2.12.1,<3.0a0
  - libexpat >=2.6.3,<3.0a0
  - libgcc >=13
  - libuuid >=2.38.1,<3.0a0
  - libzlib >=1.3.1,<2.0a0
  arch: x86_64
  platform: linux
  license: MIT
  license_family: MIT
  size: 265599
  timestamp: 1730283881107
- conda: https://conda.anaconda.org/conda-forge/noarch/fonts-conda-ecosystem-1-0.tar.bz2
  sha256: a997f2f1921bb9c9d76e6fa2f6b408b7fa549edd349a77639c9fe7a23ea93e61
  md5: fee5683a3f04bd15cbd8318b096a27ab
  depends:
  - fonts-conda-forge
  license: BSD-3-Clause
  license_family: BSD
  size: 3667
  timestamp: 1566974674465
- conda: https://conda.anaconda.org/conda-forge/noarch/fonts-conda-forge-1-0.tar.bz2
  sha256: 53f23a3319466053818540bcdf2091f253cbdbab1e0e9ae7b9e509dcaa2a5e38
  md5: f766549260d6815b0c52253f1fb1bb29
  depends:
  - font-ttf-dejavu-sans-mono
  - font-ttf-inconsolata
  - font-ttf-source-code-pro
  - font-ttf-ubuntu
  license: BSD-3-Clause
  license_family: BSD
  size: 4102
  timestamp: 1566932280397
- conda: https://conda.anaconda.org/conda-forge/linux-64/freetype-2.12.1-h267a509_2.conda
  sha256: b2e3c449ec9d907dd4656cb0dc93e140f447175b125a3824b31368b06c666bb6
  md5: 9ae35c3d96db2c94ce0cef86efdfa2cb
  depends:
  - libgcc-ng >=12
  - libpng >=1.6.39,<1.7.0a0
  - libzlib >=1.2.13,<2.0.0a0
  arch: x86_64
  platform: linux
  license: GPL-2.0-only OR FTL
  size: 634972
  timestamp: 1694615932610
- conda: https://conda.anaconda.org/conda-forge/linux-64/fribidi-1.0.10-h36c2ea0_0.tar.bz2
  sha256: 5d7b6c0ee7743ba41399e9e05a58ccc1cfc903942e49ff6f677f6e423ea7a627
  md5: ac7bc6a654f8f41b352b38f4051135f8
  depends:
  - libgcc-ng >=7.5.0
  arch: x86_64
  platform: linux
  license: LGPL-2.1
  size: 114383
  timestamp: 1604416621168
- conda: https://conda.anaconda.org/conda-forge/linux-64/gcc_impl_linux-64-14.2.0-h6b349bd_1.conda
  sha256: 0cadb23ebe6d95216c8eab57fdc1e76c8f98a10b8bdd0d922b9ccde94706dd95
  md5: 0551d01d65027359bf011c049f9c6401
  depends:
  - binutils_impl_linux-64 >=2.40
  - libgcc >=14.2.0
  - libgcc-devel_linux-64 14.2.0 h41c2201_101
  - libgomp >=14.2.0
  - libsanitizer 14.2.0 h2a3dede_1
  - libstdcxx >=14.2.0
  - sysroot_linux-64
  arch: x86_64
  platform: linux
  license: GPL-3.0-only WITH GCC-exception-3.1
  license_family: GPL
  size: 72496116
  timestamp: 1729027827248
- conda: https://conda.anaconda.org/conda-forge/linux-64/gfortran_impl_linux-64-14.2.0-hc73f493_1.conda
  sha256: 32165b1721a450cf5f061c586dba824c00a72cfe3fed9d6556f1f19ce79e5c1b
  md5: 131a59b3bb1dbbfc63ec0f21eb0e8c65
  depends:
  - gcc_impl_linux-64 >=14.2.0
  - libgcc >=14.2.0
  - libgfortran5 >=14.2.0
  - libstdcxx >=14.2.0
  - sysroot_linux-64
  arch: x86_64
  platform: linux
  license: GPL-3.0-only WITH GCC-exception-3.1
  license_family: GPL
  size: 17145320
  timestamp: 1729028018901
- conda: https://conda.anaconda.org/conda-forge/linux-64/graphite2-1.3.13-h59595ed_1003.conda
  sha256: 0595b009f20f8f60f13a6398e7cdcbd2acea5f986633adcf85f5a2283c992add
  md5: f87c7b7c2cb45f323ffbce941c78ab7c
  depends:
  - libgcc-ng >=12
  - libstdcxx-ng >=12
  arch: x86_64
  platform: linux
  license: LGPL-2.0-or-later
  license_family: LGPL
  size: 96855
  timestamp: 1711634169756
- conda: https://conda.anaconda.org/conda-forge/linux-64/gsl-2.7-he838d99_0.tar.bz2
  sha256: 132a918b676dd1f533d7c6f95e567abf7081a6ea3251c3280de35ef600e0da87
  md5: fec079ba39c9cca093bf4c00001825de
  depends:
  - libblas >=3.8.0,<4.0a0
  - libcblas >=3.8.0,<4.0a0
  - libgcc-ng >=9.3.0
  arch: x86_64
  platform: linux
  license: GPL-3.0-or-later
  license_family: GPL
  size: 3376423
  timestamp: 1626369596591
- conda: https://conda.anaconda.org/conda-forge/linux-64/gxx_impl_linux-64-14.2.0-h2c03514_1.conda
  sha256: d655931b63c5f9026891b0a3364395450e9c52d93e64722abe60233445e18dda
  md5: 41664acd4c99ef4d192e12950ff68ca6
  depends:
  - gcc_impl_linux-64 14.2.0 h6b349bd_1
  - libstdcxx-devel_linux-64 14.2.0 h41c2201_101
  - sysroot_linux-64
  - tzdata
  arch: x86_64
  platform: linux
  license: GPL-3.0-only WITH GCC-exception-3.1
  license_family: GPL
  size: 14327544
  timestamp: 1729028061711
- conda: https://conda.anaconda.org/conda-forge/linux-64/harfbuzz-9.0.0-hda332d3_1.conda
  sha256: 973afa37840b4e55e2540018902255cfb0d953aaed6353bb83a4d120f5256767
  md5: 76b32dcf243444aea9c6b804bcfa40b8
  depends:
  - __glibc >=2.17,<3.0.a0
  - cairo >=1.18.0,<2.0a0
  - freetype >=2.12.1,<3.0a0
  - graphite2
  - icu >=75.1,<76.0a0
  - libgcc-ng >=12
  - libglib >=2.80.3,<3.0a0
  - libstdcxx-ng >=12
  arch: x86_64
  platform: linux
  license: MIT
  license_family: MIT
  size: 1603653
  timestamp: 1721186240105
- conda: https://conda.anaconda.org/conda-forge/linux-64/icu-75.1-he02047a_0.conda
  sha256: 71e750d509f5fa3421087ba88ef9a7b9be11c53174af3aa4d06aff4c18b38e8e
  md5: 8b189310083baabfb622af68fd9d3ae3
  depends:
  - __glibc >=2.17,<3.0.a0
  - libgcc-ng >=12
  - libstdcxx-ng >=12
  arch: x86_64
  platform: linux
  license: MIT
  license_family: MIT
  size: 12129203
  timestamp: 1720853576813
- conda: https://conda.anaconda.org/conda-forge/noarch/kernel-headers_linux-64-3.10.0-he073ed8_18.conda
  sha256: a922841ad80bd7b222502e65c07ecb67e4176c4fa5b03678a005f39fcc98be4b
  md5: ad8527bf134a90e1c9ed35fa0b64318c
  constrains:
  - sysroot_linux-64 ==2.17
  license: LGPL-2.0-or-later AND LGPL-2.0-or-later WITH exceptions AND GPL-2.0-or-later AND MPL-2.0
  license_family: GPL
  size: 943486
  timestamp: 1729794504440
- conda: https://conda.anaconda.org/conda-forge/linux-64/keyutils-1.6.1-h166bdaf_0.tar.bz2
  sha256: 150c05a6e538610ca7c43beb3a40d65c90537497a4f6a5f4d15ec0451b6f5ebb
  md5: 30186d27e2c9fa62b45fb1476b7200e3
  depends:
  - libgcc-ng >=10.3.0
  arch: x86_64
  platform: linux
  license: LGPL-2.1-or-later
  size: 117831
  timestamp: 1646151697040
- conda: https://conda.anaconda.org/conda-forge/linux-64/krb5-1.21.3-h659f571_0.conda
  sha256: 99df692f7a8a5c27cd14b5fb1374ee55e756631b9c3d659ed3ee60830249b238
  md5: 3f43953b7d3fb3aaa1d0d0723d91e368
  depends:
  - keyutils >=1.6.1,<2.0a0
  - libedit >=3.1.20191231,<3.2.0a0
  - libedit >=3.1.20191231,<4.0a0
  - libgcc-ng >=12
  - libstdcxx-ng >=12
  - openssl >=3.3.1,<4.0a0
  arch: x86_64
  platform: linux
  license: MIT
  license_family: MIT
  size: 1370023
  timestamp: 1719463201255
- conda: https://conda.anaconda.org/conda-forge/linux-64/ld_impl_linux-64-2.43-h712a8e2_2.conda
  sha256: 7c91cea91b13f4314d125d1bedb9d03a29ebbd5080ccdea70260363424646dbe
  md5: 048b02e3962f066da18efe3a21b77672
  depends:
  - __glibc >=2.17,<3.0.a0
  constrains:
  - binutils_impl_linux-64 2.43
  arch: x86_64
  platform: linux
  license: GPL-3.0-only
  license_family: GPL
  size: 669211
  timestamp: 1729655358674
- conda: https://conda.anaconda.org/conda-forge/linux-64/lerc-4.0.0-h27087fc_0.tar.bz2
  sha256: cb55f36dcd898203927133280ae1dc643368af041a48bcf7c026acb7c47b0c12
  md5: 76bbff344f0134279f225174e9064c8f
  depends:
  - libgcc-ng >=12
  - libstdcxx-ng >=12
  arch: x86_64
  platform: linux
  license: Apache-2.0
  license_family: Apache
  size: 281798
  timestamp: 1657977462600
- conda: https://conda.anaconda.org/conda-forge/linux-64/libblas-3.9.0-25_linux64_openblas.conda
  build_number: 25
  sha256: d6d12dc437d060f838820e9e61bf73baab651f91935ac594cf10beb9ef1b4450
  md5: 8ea26d42ca88ec5258802715fe1ee10b
  depends:
  - libopenblas >=0.3.28,<0.3.29.0a0
  - libopenblas >=0.3.28,<1.0a0
  constrains:
  - liblapack 3.9.0 25_linux64_openblas
  - libcblas 3.9.0 25_linux64_openblas
  - blas * openblas
  - liblapacke 3.9.0 25_linux64_openblas
  arch: x86_64
  platform: linux
  license: BSD-3-Clause
  license_family: BSD
  size: 15677
  timestamp: 1729642900350
- conda: https://conda.anaconda.org/conda-forge/linux-64/libcblas-3.9.0-25_linux64_openblas.conda
  build_number: 25
  sha256: ab87b0477078837c91d9cda62a9faca18fba7c57cc77aa779ae24b3ac783b5dd
  md5: 5dbd1b0fc0d01ec5e0e1fbe667281a11
  depends:
  - libblas 3.9.0 25_linux64_openblas
  constrains:
  - liblapack 3.9.0 25_linux64_openblas
  - blas * openblas
  - liblapacke 3.9.0 25_linux64_openblas
  arch: x86_64
  platform: linux
  license: BSD-3-Clause
  license_family: BSD
  size: 15613
  timestamp: 1729642905619
- conda: https://conda.anaconda.org/conda-forge/linux-64/libcurl-8.10.1-hbbe4b11_0.conda
  sha256: 54e6114dfce566c3a22ad3b7b309657e3600cdb668398e95f1301360d5d52c99
  md5: 6e801c50a40301f6978c53976917b277
  depends:
  - __glibc >=2.17,<3.0.a0
  - krb5 >=1.21.3,<1.22.0a0
  - libgcc >=13
  - libnghttp2 >=1.58.0,<2.0a0
  - libssh2 >=1.11.0,<2.0a0
  - libzlib >=1.3.1,<2.0a0
  - openssl >=3.3.2,<4.0a0
  - zstd >=1.5.6,<1.6.0a0
  arch: x86_64
  platform: linux
  license: curl
  license_family: MIT
  size: 424900
  timestamp: 1726659794676
- conda: https://conda.anaconda.org/conda-forge/linux-64/libdeflate-1.22-hb9d3cd8_0.conda
  sha256: 780f0530a3adfc1497ba49d626931c6afc978c540e1abfde6ccd57128ded6ad6
  md5: b422943d5d772b7cc858b36ad2a92db5
  depends:
  - __glibc >=2.17,<3.0.a0
  - libgcc >=13
  arch: x86_64
  platform: linux
  license: MIT
  license_family: MIT
  size: 72242
  timestamp: 1728177071251
- conda: https://conda.anaconda.org/conda-forge/linux-64/libedit-3.1.20191231-he28a2e2_2.tar.bz2
  sha256: a57d37c236d8f7c886e01656f4949d9dcca131d2a0728609c6f7fa338b65f1cf
  md5: 4d331e44109e3f0e19b4cb8f9b82f3e1
  depends:
  - libgcc-ng >=7.5.0
  - ncurses >=6.2,<7.0.0a0
  arch: x86_64
  platform: linux
  license: BSD-2-Clause
  license_family: BSD
  size: 123878
  timestamp: 1597616541093
- conda: https://conda.anaconda.org/conda-forge/linux-64/libev-4.33-hd590300_2.conda
  sha256: 1cd6048169fa0395af74ed5d8f1716e22c19a81a8a36f934c110ca3ad4dd27b4
  md5: 172bf1cd1ff8629f2b1179945ed45055
  depends:
  - libgcc-ng >=12
  arch: x86_64
  platform: linux
  license: BSD-2-Clause
  license_family: BSD
  size: 112766
  timestamp: 1702146165126
- conda: https://conda.anaconda.org/conda-forge/linux-64/libexpat-2.6.4-h5888daf_0.conda
  sha256: 56541b98447b58e52d824bd59d6382d609e11de1f8adf20b23143e353d2b8d26
  md5: db833e03127376d461e1e13e76f09b6c
  depends:
  - __glibc >=2.17,<3.0.a0
  - libgcc >=13
  constrains:
  - expat 2.6.4.*
  arch: x86_64
  platform: linux
  license: MIT
  license_family: MIT
  size: 73304
  timestamp: 1730967041968
- conda: https://conda.anaconda.org/conda-forge/linux-64/libffi-3.4.2-h7f98852_5.tar.bz2
  sha256: ab6e9856c21709b7b517e940ae7028ae0737546122f83c2aa5d692860c3b149e
  md5: d645c6d2ac96843a2bfaccd2d62b3ac3
  depends:
  - libgcc-ng >=9.4.0
  arch: x86_64
  platform: linux
  license: MIT
  license_family: MIT
  size: 58292
  timestamp: 1636488182923
- conda: https://conda.anaconda.org/conda-forge/linux-64/libgcc-14.2.0-h77fa898_1.conda
  sha256: 53eb8a79365e58849e7b1a068d31f4f9e718dc938d6f2c03e960345739a03569
  md5: 3cb76c3f10d3bc7f1105b2fc9db984df
  depends:
  - _libgcc_mutex 0.1 conda_forge
  - _openmp_mutex >=4.5
  constrains:
  - libgomp 14.2.0 h77fa898_1
  - libgcc-ng ==14.2.0=*_1
  arch: x86_64
  platform: linux
  license: GPL-3.0-only WITH GCC-exception-3.1
  license_family: GPL
  size: 848745
  timestamp: 1729027721139
- conda: https://conda.anaconda.org/conda-forge/noarch/libgcc-devel_linux-64-14.2.0-h41c2201_101.conda
  sha256: 939f73ccab0ef61d02b26e348adcbf0ebd249914073a62e861ca45d125c9335c
  md5: fb126e22f5350c15fec6ddbd062f4871
  depends:
  - __unix
  license: GPL-3.0-only WITH GCC-exception-3.1
  license_family: GPL
  size: 2753144
  timestamp: 1729027627734
- conda: https://conda.anaconda.org/conda-forge/linux-64/libgcc-ng-14.2.0-h69a702a_1.conda
  sha256: 3a76969c80e9af8b6e7a55090088bc41da4cffcde9e2c71b17f44d37b7cb87f7
  md5: e39480b9ca41323497b05492a63bc35b
  depends:
  - libgcc 14.2.0 h77fa898_1
  arch: x86_64
  platform: linux
  license: GPL-3.0-only WITH GCC-exception-3.1
  license_family: GPL
  size: 54142
  timestamp: 1729027726517
- conda: https://conda.anaconda.org/conda-forge/linux-64/libgfortran-14.2.0-h69a702a_1.conda
  sha256: fc9e7f22a17faf74da904ebfc4d88699013d2992e55505e4aa0eb01770290977
  md5: f1fd30127802683586f768875127a987
  depends:
  - libgfortran5 14.2.0 hd5240d6_1
  constrains:
  - libgfortran-ng ==14.2.0=*_1
  arch: x86_64
  platform: linux
  license: GPL-3.0-only WITH GCC-exception-3.1
  license_family: GPL
  size: 53997
  timestamp: 1729027752995
- conda: https://conda.anaconda.org/conda-forge/linux-64/libgfortran-ng-14.2.0-h69a702a_1.conda
  sha256: 423f1e2403f0c665748e42d335e421e53fd03c08d457cfb6f360d329d9459851
  md5: 0a7f4cd238267c88e5d69f7826a407eb
  depends:
  - libgfortran 14.2.0 h69a702a_1
  arch: x86_64
  platform: linux
  license: GPL-3.0-only WITH GCC-exception-3.1
  license_family: GPL
  size: 54106
  timestamp: 1729027945817
- conda: https://conda.anaconda.org/conda-forge/linux-64/libgfortran5-14.2.0-hd5240d6_1.conda
  sha256: d149a37ca73611e425041f33b9d8dbed6e52ec506fe8cc1fc0ee054bddeb6d5d
  md5: 9822b874ea29af082e5d36098d25427d
  depends:
  - libgcc >=14.2.0
  constrains:
  - libgfortran 14.2.0
  arch: x86_64
  platform: linux
  license: GPL-3.0-only WITH GCC-exception-3.1
  license_family: GPL
  size: 1462645
  timestamp: 1729027735353
- conda: https://conda.anaconda.org/conda-forge/linux-64/libglib-2.82.2-h2ff4ddf_0.conda
  sha256: 49ee9401d483a76423461c50dcd37f91d070efaec7e4dc2828d8cdd2ce694231
  md5: 13e8e54035ddd2b91875ba399f0f7c04
  depends:
  - __glibc >=2.17,<3.0.a0
  - libffi >=3.4,<4.0a0
  - libgcc >=13
  - libiconv >=1.17,<2.0a0
  - libzlib >=1.3.1,<2.0a0
  - pcre2 >=10.44,<10.45.0a0
  constrains:
  - glib 2.82.2 *_0
  arch: x86_64
  platform: linux
  license: LGPL-2.1-or-later
  size: 3931898
  timestamp: 1729191404130
- conda: https://conda.anaconda.org/conda-forge/linux-64/libgomp-14.2.0-h77fa898_1.conda
  sha256: 1911c29975ec99b6b906904040c855772ccb265a1c79d5d75c8ceec4ed89cd63
  md5: cc3573974587f12dda90d96e3e55a702
  depends:
  - _libgcc_mutex 0.1 conda_forge
  arch: x86_64
  platform: linux
  license: GPL-3.0-only WITH GCC-exception-3.1
  license_family: GPL
  size: 460992
  timestamp: 1729027639220
- conda: https://conda.anaconda.org/conda-forge/linux-64/libiconv-1.17-hd590300_2.conda
  sha256: 8ac2f6a9f186e76539439e50505d98581472fedb347a20e7d1f36429849f05c9
  md5: d66573916ffcf376178462f1b61c941e
  depends:
  - libgcc-ng >=12
  arch: x86_64
  platform: linux
  license: LGPL-2.1-only
  size: 705775
  timestamp: 1702682170569
- conda: https://conda.anaconda.org/conda-forge/linux-64/libjpeg-turbo-3.0.0-hd590300_1.conda
  sha256: b954e09b7e49c2f2433d6f3bb73868eda5e378278b0f8c1dd10a7ef090e14f2f
  md5: ea25936bb4080d843790b586850f82b8
  depends:
  - libgcc-ng >=12
  constrains:
  - jpeg <0.0.0a
  arch: x86_64
  platform: linux
  license: IJG AND BSD-3-Clause AND Zlib
  size: 618575
  timestamp: 1694474974816
- conda: https://conda.anaconda.org/conda-forge/linux-64/liblapack-3.9.0-25_linux64_openblas.conda
  build_number: 25
  sha256: 9d1ff017714edb2d84868f0f931a4a0e7c289a971062b2ac66cfc8145df7e20e
  md5: 4dc03a53fc69371a6158d0ed37214cd3
  depends:
  - libblas 3.9.0 25_linux64_openblas
  constrains:
  - liblapacke 3.9.0 25_linux64_openblas
  - libcblas 3.9.0 25_linux64_openblas
  - blas * openblas
  arch: x86_64
  platform: linux
  license: BSD-3-Clause
  license_family: BSD
  size: 15608
  timestamp: 1729642910812
- conda: https://conda.anaconda.org/conda-forge/linux-64/liblzma-5.6.3-hb9d3cd8_1.conda
  sha256: e6e425252f3839e2756e4af1ea2074dffd3396c161bf460629f9dfd6a65f15c6
  md5: 2ecf2f1c7e4e21fcfe6423a51a992d84
  depends:
  - __glibc >=2.17,<3.0.a0
  - libgcc >=13
  arch: x86_64
  platform: linux
  license: 0BSD
  size: 111132
  timestamp: 1733407410083
- conda: https://conda.anaconda.org/conda-forge/linux-64/liblzma-devel-5.6.3-hb9d3cd8_1.conda
  sha256: ca17f037a0a7137874597866a171166677e4812a9a8a853007f0f582e3ff6d1d
  md5: cc4687e1814ed459f3bd6d8e05251ab2
  depends:
  - __glibc >=2.17,<3.0.a0
  - libgcc >=13
  - liblzma 5.6.3 hb9d3cd8_1
  arch: x86_64
  platform: linux
  license: 0BSD
  size: 376794
  timestamp: 1733407421190
- conda: https://conda.anaconda.org/conda-forge/linux-64/libnghttp2-1.64.0-h161d5f1_0.conda
  sha256: b0f2b3695b13a989f75d8fd7f4778e1c7aabe3b36db83f0fe80b2cd812c0e975
  md5: 19e57602824042dfd0446292ef90488b
  depends:
  - __glibc >=2.17,<3.0.a0
  - c-ares >=1.32.3,<2.0a0
  - libev >=4.33,<4.34.0a0
  - libev >=4.33,<5.0a0
  - libgcc >=13
  - libstdcxx >=13
  - libzlib >=1.3.1,<2.0a0
  - openssl >=3.3.2,<4.0a0
  arch: x86_64
  platform: linux
  license: MIT
  license_family: MIT
  size: 647599
  timestamp: 1729571887612
- conda: https://conda.anaconda.org/conda-forge/linux-64/libopenblas-0.3.28-pthreads_h94d23a6_1.conda
  sha256: 99ba271d8a80a1af2723f2e124ffd91d850074c0389c067e6d96d72a2dbfeabe
  md5: 62857b389e42b36b686331bec0922050
  depends:
  - __glibc >=2.17,<3.0.a0
  - libgcc >=14
  - libgfortran
  - libgfortran5 >=14.2.0
  constrains:
  - openblas >=0.3.28,<0.3.29.0a0
  arch: x86_64
  platform: linux
  license: BSD-3-Clause
  license_family: BSD
  size: 5578513
  timestamp: 1730772671118
- conda: https://conda.anaconda.org/conda-forge/linux-64/libpng-1.6.44-hadc24fc_0.conda
  sha256: e5b14f7a01c2db4362d8591f42f82f336ed48d5e4079e4d1f65d0c2a3637ea78
  md5: f4cc49d7aa68316213e4b12be35308d1
  depends:
  - __glibc >=2.17,<3.0.a0
  - libgcc >=13
  - libzlib >=1.3.1,<2.0a0
  arch: x86_64
  platform: linux
  license: zlib-acknowledgement
  size: 290661
  timestamp: 1726234747153
- conda: https://conda.anaconda.org/conda-forge/linux-64/libsanitizer-14.2.0-h2a3dede_1.conda
  sha256: 2e2c078118ed7fb614b0cee492b540c59ba74e4adb6d6dd9fa66e96af6d166c1
  md5: 160623b9425f5c04941586da43bd1a9c
  depends:
  - libgcc >=14.2.0
  - libstdcxx >=14.2.0
  arch: x86_64
  platform: linux
  license: GPL-3.0-only WITH GCC-exception-3.1
  license_family: GPL
  size: 4496423
  timestamp: 1729027764926
- conda: https://conda.anaconda.org/conda-forge/linux-64/libssh2-1.11.1-hf672d98_0.conda
  sha256: 0407ac9fda2bb67e11e357066eff144c845801d00b5f664efbc48813af1e7bb9
  md5: be2de152d8073ef1c01b7728475f2fe7
  depends:
  - __glibc >=2.17,<3.0.a0
  - libgcc >=13
  - libzlib >=1.3.1,<2.0a0
  - openssl >=3.4.0,<4.0a0
  arch: x86_64
  platform: linux
  license: BSD-3-Clause
  license_family: BSD
  size: 304278
  timestamp: 1732349402869
- conda: https://conda.anaconda.org/conda-forge/linux-64/libstdcxx-14.2.0-hc0a3c3a_1.conda
  sha256: 4661af0eb9bdcbb5fb33e5d0023b001ad4be828fccdcc56500059d56f9869462
  md5: 234a5554c53625688d51062645337328
  depends:
  - libgcc 14.2.0 h77fa898_1
  arch: x86_64
  platform: linux
  license: GPL-3.0-only WITH GCC-exception-3.1
  license_family: GPL
  size: 3893695
  timestamp: 1729027746910
- conda: https://conda.anaconda.org/conda-forge/noarch/libstdcxx-devel_linux-64-14.2.0-h41c2201_101.conda
  sha256: dc32ddbad1ee81ab48e20c6d95e06841c8627caa5e1b111c3e117dbb314eca13
  md5: 60b9a16fd147f7184b5a964aa08f3b0f
  depends:
  - __unix
  license: GPL-3.0-only WITH GCC-exception-3.1
  license_family: GPL
  size: 13523635
  timestamp: 1729027674833
- conda: https://conda.anaconda.org/conda-forge/linux-64/libstdcxx-ng-14.2.0-h4852527_1.conda
  sha256: 25bb30b827d4f6d6f0522cc0579e431695503822f144043b93c50237017fffd8
  md5: 8371ac6457591af2cf6159439c1fd051
  depends:
  - libstdcxx 14.2.0 hc0a3c3a_1
  arch: x86_64
  platform: linux
  license: GPL-3.0-only WITH GCC-exception-3.1
  license_family: GPL
  size: 54105
  timestamp: 1729027780628
- conda: https://conda.anaconda.org/conda-forge/linux-64/libtiff-4.7.0-hc4654cb_2.conda
  sha256: 18653b4a5c73e19c5e86ff72dab9bf59f5cc43d7f404a6be705d152dfd5e0660
  md5: be54fb40ea32e8fe9dbaa94d4528b57e
  depends:
  - __glibc >=2.17,<3.0.a0
  - lerc >=4.0.0,<5.0a0
  - libdeflate >=1.22,<1.23.0a0
  - libgcc >=13
  - libjpeg-turbo >=3.0.0,<4.0a0
  - liblzma >=5.6.3,<6.0a0
  - libstdcxx >=13
  - libwebp-base >=1.4.0,<2.0a0
  - libzlib >=1.3.1,<2.0a0
  - zstd >=1.5.6,<1.6.0a0
  arch: x86_64
  platform: linux
  license: HPND
  size: 429018
  timestamp: 1733443013288
- conda: https://conda.anaconda.org/conda-forge/linux-64/libuuid-2.38.1-h0b41bf4_0.conda
  sha256: 787eb542f055a2b3de553614b25f09eefb0a0931b0c87dbcce6efdfd92f04f18
  md5: 40b61aab5c7ba9ff276c41cfffe6b80b
  depends:
  - libgcc-ng >=12
  arch: x86_64
  platform: linux
  license: BSD-3-Clause
  license_family: BSD
  size: 33601
  timestamp: 1680112270483
- conda: https://conda.anaconda.org/conda-forge/linux-64/libwebp-base-1.4.0-hd590300_0.conda
  sha256: 49bc5f6b1e11cb2babf2a2a731d1a680a5e08a858280876a779dbda06c78c35f
  md5: b26e8aa824079e1be0294e7152ca4559
  depends:
  - libgcc-ng >=12
  constrains:
  - libwebp 1.4.0
  arch: x86_64
  platform: linux
  license: BSD-3-Clause
  license_family: BSD
  size: 438953
  timestamp: 1713199854503
- conda: https://conda.anaconda.org/conda-forge/linux-64/libxcb-1.17.0-h8a09558_0.conda
  sha256: 666c0c431b23c6cec6e492840b176dde533d48b7e6fb8883f5071223433776aa
  md5: 92ed62436b625154323d40d5f2f11dd7
  depends:
  - __glibc >=2.17,<3.0.a0
  - libgcc >=13
  - pthread-stubs
  - xorg-libxau >=1.0.11,<2.0a0
  - xorg-libxdmcp
  arch: x86_64
  platform: linux
  license: MIT
  license_family: MIT
  size: 395888
  timestamp: 1727278577118
- conda: https://conda.anaconda.org/conda-forge/linux-64/libzlib-1.3.1-hb9d3cd8_2.conda
  sha256: d4bfe88d7cb447768e31650f06257995601f89076080e76df55e3112d4e47dc4
  md5: edb0dca6bc32e4f4789199455a1dbeb8
  depends:
  - __glibc >=2.17,<3.0.a0
  - libgcc >=13
  constrains:
  - zlib 1.3.1 *_2
  arch: x86_64
  platform: linux
  license: Zlib
  license_family: Other
  size: 60963
  timestamp: 1727963148474
- conda: https://conda.anaconda.org/conda-forge/linux-64/make-4.4.1-hb9d3cd8_2.conda
  sha256: d652c7bd4d3b6f82b0f6d063b0d8df6f54cc47531092d7ff008e780f3261bdda
  md5: 33405d2a66b1411db9f7242c8b97c9e7
  depends:
  - __glibc >=2.17,<3.0.a0
  - libgcc >=13
  arch: x86_64
  platform: linux
  license: GPL-3.0-or-later
  license_family: GPL
  size: 513088
  timestamp: 1727801714848
- conda: https://conda.anaconda.org/conda-forge/linux-64/ncurses-6.5-he02047a_1.conda
  sha256: 6a1d5d8634c1a07913f1c525db6455918cbc589d745fac46d9d6e30340c8731a
  md5: 70caf8bb6cf39a0b6b7efc885f51c0fe
  depends:
  - __glibc >=2.17,<3.0.a0
  - libgcc-ng >=12
  arch: x86_64
  platform: linux
  license: X11 AND BSD-3-Clause
  size: 889086
  timestamp: 1724658547447
- conda: https://conda.anaconda.org/conda-forge/linux-64/openssl-3.4.0-hb9d3cd8_0.conda
  sha256: 814b9dff1847b132c676ee6cc1a8cb2d427320779b93e1b6d76552275c128705
  md5: 23cc74f77eb99315c0360ec3533147a9
  depends:
  - __glibc >=2.17,<3.0.a0
  - ca-certificates
  - libgcc >=13
  arch: x86_64
  platform: linux
  license: Apache-2.0
  license_family: Apache
  size: 2947466
  timestamp: 1731377666602
- conda: https://conda.anaconda.org/conda-forge/linux-64/pango-1.54.0-h3a902e7_3.conda
  sha256: b04f43a7968cedb93cc0b52854f2cac21d8b8ac150b40305865d9ff3c3d4da72
  md5: 8c12547e7b143fb70873fb732a4056b9
  depends:
  - __glibc >=2.17,<3.0.a0
  - cairo >=1.18.2,<2.0a0
  - fontconfig >=2.15.0,<3.0a0
  - fonts-conda-ecosystem
  - freetype >=2.12.1,<3.0a0
  - fribidi >=1.0.10,<2.0a0
  - harfbuzz >=9.0.0,<10.0a0
  - libexpat >=2.6.4,<3.0a0
  - libgcc >=13
  - libglib >=2.82.2,<3.0a0
  - libpng >=1.6.44,<1.7.0a0
  arch: x86_64
  platform: linux
  license: LGPL-2.1-or-later
  size: 447446
  timestamp: 1733761801816
- conda: https://conda.anaconda.org/conda-forge/linux-64/pcre2-10.44-hba22ea6_2.conda
  sha256: 1087716b399dab91cc9511d6499036ccdc53eb29a288bebcb19cf465c51d7c0d
  md5: df359c09c41cd186fffb93a2d87aa6f5
  depends:
  - __glibc >=2.17,<3.0.a0
  - bzip2 >=1.0.8,<2.0a0
  - libgcc-ng >=12
  - libzlib >=1.3.1,<2.0a0
  arch: x86_64
  platform: linux
  license: BSD-3-Clause
  license_family: BSD
  size: 952308
  timestamp: 1723488734144
- conda: https://conda.anaconda.org/conda-forge/linux-64/pixman-0.44.2-h29eaf8c_0.conda
  sha256: 747c58db800d5583fee78e76240bf89cbaeedf7ab1ef339c2990602332b9c4be
  md5: 5e2a7acfa2c24188af39e7944e1b3604
  depends:
  - __glibc >=2.17,<3.0.a0
  - libgcc >=13
  - libstdcxx >=13
  arch: x86_64
  platform: linux
  license: MIT
  license_family: MIT
  size: 381072
  timestamp: 1733698987122
- conda: https://conda.anaconda.org/conda-forge/linux-64/pthread-stubs-0.4-hb9d3cd8_1002.conda
  sha256: 9c88f8c64590e9567c6c80823f0328e58d3b1efb0e1c539c0315ceca764e0973
  md5: b3c17d95b5a10c6e64a21fa17573e70e
  depends:
  - __glibc >=2.17,<3.0.a0
  - libgcc >=13
  arch: x86_64
  platform: linux
  license: MIT
  license_family: MIT
  size: 8252
  timestamp: 1726802366959
- conda: https://conda.anaconda.org/conda-forge/linux-64/r-base-4.4.2-h64c9cd0_0.conda
  sha256: c3578f83a5be8fbb05e04dcd6c2ecf18f9f56414f56e05d8358f2ae8e05caebe
  md5: b2771f5defdd69ed1e80b97b2f9a3ae5
  depends:
  - __glibc >=2.17,<3.0.a0
  - _openmp_mutex >=4.5
  - _r-mutex 1.* anacondar_1
  - bwidget
  - bzip2 >=1.0.8,<2.0a0
  - cairo >=1.18.0,<2.0a0
  - curl
  - gcc_impl_linux-64 >=10
  - gfortran_impl_linux-64
  - gsl >=2.7,<2.8.0a0
  - gxx_impl_linux-64 >=10
  - icu >=75.1,<76.0a0
  - libblas >=3.9.0,<4.0a0
  - libcurl >=8.10.1,<9.0a0
  - libdeflate >=1.22,<1.23.0a0
  - libexpat >=2.6.4,<3.0a0
  - libgcc
  - libgcc-ng >=12
  - libgfortran
  - libgfortran-ng
  - libgfortran5 >=10.4.0
  - libglib >=2.82.2,<3.0a0
  - libiconv >=1.17,<2.0a0
  - libjpeg-turbo >=3.0.0,<4.0a0
  - liblapack >=3.9.0,<4.0a0
  - libpng >=1.6.44,<1.7.0a0
  - libstdcxx
  - libstdcxx-ng >=12
  - libtiff >=4.7.0,<4.8.0a0
  - libuuid >=2.38.1,<3.0a0
  - libzlib >=1.3.1,<2.0a0
  - make
  - pango >=1.54.0,<2.0a0
  - pcre2 >=10.44,<10.45.0a0
  - readline >=8.2,<9.0a0
  - sed
  - tk >=8.6.13,<8.7.0a0
  - tktable
  - tzdata >=2024a
  - xorg-libxt
  - xz >=5.2.6,<6.0a0
  arch: x86_64
  platform: linux
  license: GPL-2.0-or-later
  license_family: GPL
  size: 27052571
  timestamp: 1732138938721
- conda: https://conda.anaconda.org/conda-forge/linux-64/readline-8.2-h8228510_1.conda
  sha256: 5435cf39d039387fbdc977b0a762357ea909a7694d9528ab40f005e9208744d7
  md5: 47d31b792659ce70f470b5c82fdfb7a4
  depends:
  - libgcc-ng >=12
  - ncurses >=6.3,<7.0a0
  arch: x86_64
  platform: linux
  license: GPL-3.0-only
  license_family: GPL
  size: 281456
  timestamp: 1679532220005
- conda: https://conda.anaconda.org/conda-forge/linux-64/sed-4.8-he412f7d_0.tar.bz2
  sha256: 7c1f391789f3928ef688a348be998e31b8aa3cfb58a1854733c2552ef5c5a2fd
  md5: 7362f0042e95681f5d371c46c83ebd08
  depends:
  - libgcc-ng >=7.5.0
  arch: x86_64
  platform: linux
  license: GPL-3
  size: 270762
  timestamp: 1605307395873
- conda: https://conda.anaconda.org/conda-forge/noarch/sysroot_linux-64-2.17-h4a8ded7_18.conda
  sha256: 23c7ab371c1b74d01a187e05aa7240e3f5654599e364a9adff7f0b02e26f471f
  md5: 0ea96f90a10838f58412aa84fdd9df09
  depends:
  - kernel-headers_linux-64 3.10.0 he073ed8_18
  - tzdata
  license: LGPL-2.0-or-later AND LGPL-2.0-or-later WITH exceptions AND GPL-2.0-or-later AND MPL-2.0
  license_family: GPL
  size: 15500960
  timestamp: 1729794510631
- conda: https://conda.anaconda.org/conda-forge/linux-64/tk-8.6.13-noxft_h4845f30_101.conda
  sha256: e0569c9caa68bf476bead1bed3d79650bb080b532c64a4af7d8ca286c08dea4e
  md5: d453b98d9c83e71da0741bb0ff4d76bc
  depends:
  - libgcc-ng >=12
  - libzlib >=1.2.13,<2.0.0a0
  arch: x86_64
  platform: linux
  license: TCL
  license_family: BSD
  size: 3318875
  timestamp: 1699202167581
- conda: https://conda.anaconda.org/conda-forge/linux-64/tktable-2.10-h8bc8fbc_6.conda
  sha256: 6b9fc12830b1a17127e9650594b06a02ecd3ee812b9eba0f114b9eabc19511ea
  md5: dff3627fec2c0584ded391205295abf0
  depends:
  - libgcc-ng >=12
  - tk >=8.6.13,<8.7.0a0
  arch: x86_64
  platform: linux
  license: TCL
  size: 91641
  timestamp: 1719242648005
- conda: https://conda.anaconda.org/conda-forge/noarch/tzdata-2024b-hc8b5060_0.conda
  sha256: 4fde5c3008bf5d2db82f2b50204464314cc3c91c1d953652f7bd01d9e52aefdf
  md5: 8ac3367aafb1cc0a068483c580af8015
  license: LicenseRef-Public-Domain
  size: 122354
  timestamp: 1728047496079
- conda: https://conda.anaconda.org/conda-forge/linux-64/xorg-libice-1.1.1-hb9d3cd8_1.conda
  sha256: ec276da68d1c4a3d34a63195b35ca5b248d4aff0812464dcd843d74649b5cec4
  md5: 19608a9656912805b2b9a2f6bd257b04
  depends:
  - __glibc >=2.17,<3.0.a0
  - libgcc >=13
  arch: x86_64
  platform: linux
  license: MIT
  license_family: MIT
  size: 58159
  timestamp: 1727531850109
- conda: https://conda.anaconda.org/conda-forge/linux-64/xorg-libsm-1.2.4-he73a12e_1.conda
  sha256: 70e903370977d44c9120a5641ab563887bd48446e9ef6fc2a3f5f60531c2cd6c
  md5: 05a8ea5f446de33006171a7afe6ae857
  depends:
  - __glibc >=2.17,<3.0.a0
  - libgcc >=13
  - libuuid >=2.38.1,<3.0a0
  - xorg-libice >=1.1.1,<2.0a0
  arch: x86_64
  platform: linux
  license: MIT
  license_family: MIT
  size: 27516
  timestamp: 1727634669421
- conda: https://conda.anaconda.org/conda-forge/linux-64/xorg-libx11-1.8.10-h4f16b4b_1.conda
  sha256: f53994d54f0604df881c4e984279b3cf6a1648a22d4b2113e2c89829968784c9
  md5: 125f34a17d7b4bea418a83904ea82ea6
  depends:
  - __glibc >=2.17,<3.0.a0
  - libgcc >=13
  - libxcb >=1.17.0,<2.0a0
  arch: x86_64
  platform: linux
  license: MIT
  license_family: MIT
  size: 837524
  timestamp: 1733324962639
- conda: https://conda.anaconda.org/conda-forge/linux-64/xorg-libxau-1.0.11-hb9d3cd8_1.conda
  sha256: 532a046fee0b3a402db867b6ec55c84ba4cdedb91d817147c8feeae9766be3d6
  md5: 77cbc488235ebbaab2b6e912d3934bae
  depends:
  - __glibc >=2.17,<3.0.a0
  - libgcc >=13
  arch: x86_64
  platform: linux
  license: MIT
  license_family: MIT
  size: 14679
  timestamp: 1727034741045
- conda: https://conda.anaconda.org/conda-forge/linux-64/xorg-libxdmcp-1.1.5-hb9d3cd8_0.conda
  sha256: 6b250f3e59db07c2514057944a3ea2044d6a8cdde8a47b6497c254520fade1ee
  md5: 8035c64cb77ed555e3f150b7b3972480
  depends:
  - __glibc >=2.17,<3.0.a0
  - libgcc >=13
  arch: x86_64
  platform: linux
  license: MIT
  license_family: MIT
  size: 19901
  timestamp: 1727794976192
- conda: https://conda.anaconda.org/conda-forge/linux-64/xorg-libxext-1.3.6-hb9d3cd8_0.conda
  sha256: da5dc921c017c05f38a38bd75245017463104457b63a1ce633ed41f214159c14
  md5: febbab7d15033c913d53c7a2c102309d
  depends:
  - __glibc >=2.17,<3.0.a0
  - libgcc >=13
  - xorg-libx11 >=1.8.10,<2.0a0
  arch: x86_64
  platform: linux
  license: MIT
  license_family: MIT
  size: 50060
  timestamp: 1727752228921
- conda: https://conda.anaconda.org/conda-forge/linux-64/xorg-libxrender-0.9.11-hb9d3cd8_2.conda
  sha256: a2f533fe2374789413a9dfa1369322573910f4b010fd24386cdd1c5cd977a087
  md5: eef3132295d92678c17ffc8b114b8371
  depends:
  - __glibc >=2.17,<3.0.a0
  - libgcc >=13
  - xorg-libx11 >=1.8.10,<2.0a0
  arch: x86_64
  platform: linux
  license: MIT
  license_family: MIT
  size: 37638
  timestamp: 1733755897245
- conda: https://conda.anaconda.org/conda-forge/linux-64/xorg-libxt-1.3.1-hb9d3cd8_0.conda
  sha256: a8afba4a55b7b530eb5c8ad89737d60d60bc151a03fbef7a2182461256953f0e
  md5: 279b0de5f6ba95457190a1c459a64e31
  depends:
  - __glibc >=2.17,<3.0.a0
  - libgcc >=13
  - xorg-libice >=1.1.1,<2.0a0
  - xorg-libsm >=1.2.4,<2.0a0
  - xorg-libx11 >=1.8.10,<2.0a0
  arch: x86_64
  platform: linux
  license: MIT
  license_family: MIT
  size: 379686
  timestamp: 1731860547604
- conda: https://conda.anaconda.org/conda-forge/linux-64/xz-5.6.3-hbcc6ac9_1.conda
  sha256: 9cef529dcff25222427c9d90b9fc376888a59e138794b4336bbcd3331a5eea22
  md5: 62aae173382a8aae284726353c6a6a24
  depends:
  - __glibc >=2.17,<3.0.a0
  - libgcc >=13
  - liblzma 5.6.3 hb9d3cd8_1
  - liblzma-devel 5.6.3 hb9d3cd8_1
  - xz-gpl-tools 5.6.3 hbcc6ac9_1
  - xz-tools 5.6.3 hb9d3cd8_1
  arch: x86_64
  platform: linux
  license: 0BSD AND LGPL-2.1-or-later AND GPL-2.0-or-later
  size: 23477
  timestamp: 1733407455801
- conda: https://conda.anaconda.org/conda-forge/linux-64/xz-gpl-tools-5.6.3-hbcc6ac9_1.conda
  sha256: 4e104b7c75c2f26a96032a1c6cda51430da1dea318c74f9e3568902b2f5030e1
  md5: f529917bab7862aaad6867bf2ea47a99
  depends:
  - __glibc >=2.17,<3.0.a0
  - libgcc >=13
  - liblzma 5.6.3 hb9d3cd8_1
  arch: x86_64
  platform: linux
  license: 0BSD AND LGPL-2.1-or-later AND GPL-2.0-or-later
  size: 33354
  timestamp: 1733407444641
- conda: https://conda.anaconda.org/conda-forge/linux-64/xz-tools-5.6.3-hb9d3cd8_1.conda
  sha256: 6e80f838096345c35e8755b827814c083dd0274594006d6f76bff71bc969c3b8
  md5: de3f31a6eed01bc2b8c7dcad07ad9034
  depends:
  - __glibc >=2.17,<3.0.a0
  - libgcc >=13
  - liblzma 5.6.3 hb9d3cd8_1
  arch: x86_64
  platform: linux
  license: 0BSD AND LGPL-2.1-or-later
  size: 90354
  timestamp: 1733407433418
- conda: https://conda.anaconda.org/conda-forge/linux-64/zstd-1.5.6-ha6fb4c9_0.conda
  sha256: c558b9cc01d9c1444031bd1ce4b9cff86f9085765f17627a6cd85fc623c8a02b
  md5: 4d056880988120e29d75bfff282e0f45
  depends:
  - libgcc-ng >=12
  - libstdcxx-ng >=12
  - libzlib >=1.2.13,<2.0.0a0
  arch: x86_64
  platform: linux
  license: BSD-3-Clause
  license_family: BSD
  size: 554846
  timestamp: 1714722996770
